
Microsoft Visual Studio Solution File, Format Version 12.00
# Visual Studio Version 16
VisualStudioVersion = 16.0.32002.261
MinimumVisualStudioVersion = 10.0.40219.1
Project("{9A19103F-16F7-4668-BE54-9A1E7A4F7556}") = "GuardingUS30", "GuardingUS30.csproj", "{49E324EF-7C90-46B9-B860-F5B4297244FE}"
EndProject
Global
	GlobalSection(SolutionConfigurationPlatforms) = preSolution
		Debug|Any CPU = Debug|Any CPU
		Release|Any CPU = Release|Any CPU
	EndGlobalSection
	GlobalSection(ProjectConfigurationPlatforms) = postSolution
		{49E324EF-7C90-46B9-B860-F5B4297244FE}.Debug|Any CPU.ActiveCfg = Debug|Any CPU
		{49E324EF-7C90-46B9-B860-F5B4297244FE}.Debug|Any CPU.Build.0 = Debug|Any CPU
		{49E324EF-7C90-46B9-B860-F5B4297244FE}.Release|Any CPU.ActiveCfg = Release|Any CPU
		{49E324EF-7C90-46B9-B860-F5B4297244FE}.Release|Any CPU.Build.0 = Release|Any CPU
	EndGlobalSection
	GlobalSection(SolutionProperties) = preSolution
		HideSolutionNode = FALSE
	EndGlobalSection
	GlobalSection(ExtensibilityGlobals) = postSolution
		SolutionGuid = {AD44045D-056D-4748-95D3-E3E0CC69C605}
	EndGlobalSection
EndGlobal
